// !$*UTF8*$!
{
	archiveVersion = 1;
	classes = {
	};
	objectVersion = 56;
	objects = {

/* Begin PBXBuildFile section */
		69F1C6402B321A5A005BD3F2 /* AppDelegate.swift in Sources */ = {isa = PBXBuildFile; fileRef = 69F1C63F2B321A5A005BD3F2 /* AppDelegate.swift */; };
		69F1C6422B321A5A005BD3F2 /* SceneDelegate.swift in Sources */ = {isa = PBXBuildFile; fileRef = 69F1C6412B321A5A005BD3F2 /* SceneDelegate.swift */; };
		69F1C6442B321A5A005BD3F2 /* ContainerViewController.swift in Sources */ = {isa = PBXBuildFile; fileRef = 69F1C6432B321A5A005BD3F2 /* ContainerViewController.swift */; };
		69F1C6492B321A5B005BD3F2 /* Assets.xcassets in Resources */ = {isa = PBXBuildFile; fileRef = 69F1C6482B321A5B005BD3F2 /* Assets.xcassets */; };
		69F1C64C2B321A5B005BD3F2 /* LaunchScreen.storyboard in Resources */ = {isa = PBXBuildFile; fileRef = 69F1C64A2B321A5B005BD3F2 /* LaunchScreen.storyboard */; };
		69F1C6572B321A5B005BD3F2 /* SideMenuTests.swift in Sources */ = {isa = PBXBuildFile; fileRef = 69F1C6562B321A5B005BD3F2 /* SideMenuTests.swift */; };
		69F1C6612B321A5C005BD3F2 /* SideMenuUITests.swift in Sources */ = {isa = PBXBuildFile; fileRef = 69F1C6602B321A5C005BD3F2 /* SideMenuUITests.swift */; };
		69F1C6632B321A5C005BD3F2 /* SideMenuUITestsLaunchTests.swift in Sources */ = {isa = PBXBuildFile; fileRef = 69F1C6622B321A5C005BD3F2 /* SideMenuUITestsLaunchTests.swift */; };
		69F1C6702B321B7B005BD3F2 /* MenuViewController.swift in Sources */ = {isa = PBXBuildFile; fileRef = 69F1C66F2B321B7B005BD3F2 /* MenuViewController.swift */; };
		69F1C6722B321B85005BD3F2 /* HomeViewController.swift in Sources */ = {isa = PBXBuildFile; fileRef = 69F1C6712B321B85005BD3F2 /* HomeViewController.swift */; };
/* End PBXBuildFile section */

/* Begin PBXContainerItemProxy section */
		69F1C6532B321A5B005BD3F2 /* PBXContainerItemProxy */ = {
			isa = PBXContainerItemProxy;
			containerPortal = 69F1C6342B321A59005BD3F2 /* Project object */;
			proxyType = 1;
			remoteGlobalIDString = 69F1C63B2B321A5A005BD3F2;
			remoteInfo = SideMenu;
		};
		69F1C65D2B321A5C005BD3F2 /* PBXContainerItemProxy */ = {
			isa = PBXContainerItemProxy;
			containerPortal = 69F1C6342B321A59005BD3F2 /* Project object */;
			proxyType = 1;
			remoteGlobalIDString = 69F1C63B2B321A5A005BD3F2;
			remoteInfo = SideMenu;
		};
/* End PBXContainerItemProxy section */

/* Begin PBXFileReference section */
		69F1C63C2B321A5A005BD3F2 /* SideMenu.app */ = {isa = PBXFileReference; explicitFileType = wrapper.application; includeInIndex = 0; path = SideMenu.app; sourceTree = BUILT_PRODUCTS_DIR; };
		69F1C63F2B321A5A005BD3F2 /* AppDelegate.swift */ = {isa = PBXFileReference; lastKnownFileType = sourcecode.swift; path = AppDelegate.swift; sourceTree = "<group>"; };
		69F1C6412B321A5A005BD3F2 /* SceneDelegate.swift */ = {isa = PBXFileReference; lastKnownFileType = sourcecode.swift; path = SceneDelegate.swift; sourceTree = "<group>"; };
		69F1C6432B321A5A005BD3F2 /* ContainerViewController.swift */ = {isa = PBXFileReference; lastKnownFileType = sourcecode.swift; path = ContainerViewController.swift; sourceTree = "<group>"; };
		69F1C6482B321A5B005BD3F2 /* Assets.xcassets */ = {isa = PBXFileReference; lastKnownFileType = folder.assetcatalog; path = Assets.xcassets; sourceTree = "<group>"; };
		69F1C64B2B321A5B005BD3F2 /* Base */ = {isa = PBXFileReference; lastKnownFileType = file.storyboard; name = Base; path = Base.lproj/LaunchScreen.storyboard; sourceTree = "<group>"; };
		69F1C64D2B321A5B005BD3F2 /* Info.plist */ = {isa = PBXFileReference; lastKnownFileType = text.plist.xml; path = Info.plist; sourceTree = "<group>"; };
		69F1C6522B321A5B005BD3F2 /* SideMenuTests.xctest */ = {isa = PBXFileReference; explicitFileType = wrapper.cfbundle; includeInIndex = 0; path = SideMenuTests.xctest; sourceTree = BUILT_PRODUCTS_DIR; };
		69F1C6562B321A5B005BD3F2 /* SideMenuTests.swift */ = {isa = PBXFileReference; lastKnownFileType = sourcecode.swift; path = SideMenuTests.swift; sourceTree = "<group>"; };
		69F1C65C2B321A5B005BD3F2 /* SideMenuUITests.xctest */ = {isa = PBXFileReference; explicitFileType = wrapper.cfbundle; includeInIndex = 0; path = SideMenuUITests.xctest; sourceTree = BUILT_PRODUCTS_DIR; };
		69F1C6602B321A5C005BD3F2 /* SideMenuUITests.swift */ = {isa = PBXFileReference; lastKnownFileType = sourcecode.swift; path = SideMenuUITests.swift; sourceTree = "<group>"; };
		69F1C6622B321A5C005BD3F2 /* SideMenuUITestsLaunchTests.swift */ = {isa = PBXFileReference; lastKnownFileType = sourcecode.swift; path = SideMenuUITestsLaunchTests.swift; sourceTree = "<group>"; };
		69F1C66F2B321B7B005BD3F2 /* MenuViewController.swift */ = {isa = PBXFileReference; lastKnownFileType = sourcecode.swift; path = MenuViewController.swift; sourceTree = "<group>"; };
		69F1C6712B321B85005BD3F2 /* HomeViewController.swift */ = {isa = PBXFileReference; lastKnownFileType = sourcecode.swift; path = HomeViewController.swift; sourceTree = "<group>"; };
/* End PBXFileReference section */

/* Begin PBXFrameworksBuildPhase section */
		69F1C6392B321A5A005BD3F2 /* Frameworks */ = {
			isa = PBXFrameworksBuildPhase;
			buildActionMask = 2147483647;
			files = (
			);
			runOnlyForDeploymentPostprocessing = 0;
		};
		69F1C64F2B321A5B005BD3F2 /* Frameworks */ = {
			isa = PBXFrameworksBuildPhase;
			buildActionMask = 2147483647;
			files = (
			);
			runOnlyForDeploymentPostprocessing = 0;
		};
		69F1C6592B321A5B005BD3F2 /* Frameworks */ = {
			isa = PBXFrameworksBuildPhase;
			buildActionMask = 2147483647;
			files = (
			);
			runOnlyForDeploymentPostprocessing = 0;
		};
/* End PBXFrameworksBuildPhase section */

/* Begin PBXGroup section */
		69F1C6332B321A59005BD3F2 = {
			isa = PBXGroup;
			children = (
				69F1C63E2B321A5A005BD3F2 /* SideMenu */,
				69F1C6552B321A5B005BD3F2 /* SideMenuTests */,
				69F1C65F2B321A5C005BD3F2 /* SideMenuUITests */,
				69F1C63D2B321A5A005BD3F2 /* Products */,
			);
			sourceTree = "<group>";
		};
		69F1C63D2B321A5A005BD3F2 /* Products */ = {
			isa = PBXGroup;
			children = (
				69F1C63C2B321A5A005BD3F2 /* SideMenu.app */,
				69F1C6522B321A5B005BD3F2 /* SideMenuTests.xctest */,
				69F1C65C2B321A5B005BD3F2 /* SideMenuUITests.xctest */,
			);
			name = Products;
			sourceTree = "<group>";
		};
		69F1C63E2B321A5A005BD3F2 /* SideMenu */ = {
			isa = PBXGroup;
			children = (
				69F1C63F2B321A5A005BD3F2 /* AppDelegate.swift */,
				69F1C6412B321A5A005BD3F2 /* SceneDelegate.swift */,
				69F1C6482B321A5B005BD3F2 /* Assets.xcassets */,
				69F1C64A2B321A5B005BD3F2 /* LaunchScreen.storyboard */,
				69F1C64D2B321A5B005BD3F2 /* Info.plist */,
				69F1C6432B321A5A005BD3F2 /* ContainerViewController.swift */,
				69F1C66F2B321B7B005BD3F2 /* MenuViewController.swift */,
				69F1C6712B321B85005BD3F2 /* HomeViewController.swift */,
			);
			path = SideMenu;
			sourceTree = "<group>";
		};
		69F1C6552B321A5B005BD3F2 /* SideMenuTests */ = {
			isa = PBXGroup;
			children = (
				69F1C6562B321A5B005BD3F2 /* SideMenuTests.swift */,
			);
			path = SideMenuTests;
			sourceTree = "<group>";
		};
		69F1C65F2B321A5C005BD3F2 /* SideMenuUITests */ = {
			isa = PBXGroup;
			children = (
				69F1C6602B321A5C005BD3F2 /* SideMenuUITests.swift */,
				69F1C6622B321A5C005BD3F2 /* SideMenuUITestsLaunchTests.swift */,
			);
			path = SideMenuUITests;
			sourceTree = "<group>";
		};
/* End PBXGroup section */

/* Begin PBXNativeTarget section */
		69F1C63B2B321A5A005BD3F2 /* SideMenu */ = {
			isa = PBXNativeTarget;
			buildConfigurationList = 69F1C6662B321A5C005BD3F2 /* Build configuration list for PBXNativeTarget "SideMenu" */;
			buildPhases = (
				69F1C6382B321A5A005BD3F2 /* Sources */,
				69F1C6392B321A5A005BD3F2 /* Frameworks */,
				69F1C63A2B321A5A005BD3F2 /* Resources */,
			);
			buildRules = (
			);
			dependencies = (
			);
			name = SideMenu;
			productName = SideMenu;
			productReference = 69F1C63C2B321A5A005BD3F2 /* SideMenu.app */;
			productType = "com.apple.product-type.application";
		};
		69F1C6512B321A5B005BD3F2 /* SideMenuTests */ = {
			isa = PBXNativeTarget;
			buildConfigurationList = 69F1C6692B321A5C005BD3F2 /* Build configuration list for PBXNativeTarget "SideMenuTests" */;
			buildPhases = (
				69F1C64E2B321A5B005BD3F2 /* Sources */,
				69F1C64F2B321A5B005BD3F2 /* Frameworks */,
				69F1C6502B321A5B005BD3F2 /* Resources */,
			);
			buildRules = (
			);
			dependencies = (
				69F1C6542B321A5B005BD3F2 /* PBXTargetDependency */,
			);
			name = SideMenuTests;
			productName = SideMenuTests;
			productReference = 69F1C6522B321A5B005BD3F2 /* SideMenuTests.xctest */;
			productType = "com.apple.product-type.bundle.unit-test";
		};
		69F1C65B2B321A5B005BD3F2 /* SideMenuUITests */ = {
			isa = PBXNativeTarget;
			buildConfigurationList = 69F1C66C2B321A5C005BD3F2 /* Build configuration list for PBXNativeTarget "SideMenuUITests" */;
			buildPhases = (
				69F1C6582B321A5B005BD3F2 /* Sources */,
				69F1C6592B321A5B005BD3F2 /* Frameworks */,
				69F1C65A2B321A5B005BD3F2 /* Resources */,
			);
			buildRules = (
			);
			dependencies = (
				69F1C65E2B321A5C005BD3F2 /* PBXTargetDependency */,
			);
			name = SideMenuUITests;
			productName = SideMenuUITests;
			productReference = 69F1C65C2B321A5B005BD3F2 /* SideMenuUITests.xctest */;
			productType = "com.apple.product-type.bundle.ui-testing";
		};
/* End PBXNativeTarget section */

/* Begin PBXProject section */
		69F1C6342B321A59005BD3F2 /* Project object */ = {
			isa = PBXProject;
			attributes = {
				BuildIndependentTargetsInParallel = 1;
				LastSwiftUpdateCheck = 1510;
				LastUpgradeCheck = 1510;
				TargetAttributes = {
					69F1C63B2B321A5A005BD3F2 = {
						CreatedOnToolsVersion = 15.1;
					};
					69F1C6512B321A5B005BD3F2 = {
						CreatedOnToolsVersion = 15.1;
						TestTargetID = 69F1C63B2B321A5A005BD3F2;
					};
					69F1C65B2B321A5B005BD3F2 = {
						CreatedOnToolsVersion = 15.1;
						TestTargetID = 69F1C63B2B321A5A005BD3F2;
					};
				};
			};
			buildConfigurationList = 69F1C6372B321A59005BD3F2 /* Build configuration list for PBXProject "SideMenu" */;
			compatibilityVersion = "Xcode 14.0";
			developmentRegion = en;
			hasScannedForEncodings = 0;
			knownRegions = (
				en,
				Base,
			);
			mainGroup = 69F1C6332B321A59005BD3F2;
			productRefGroup = 69F1C63D2B321A5A005BD3F2 /* Products */;
			projectDirPath = "";
			projectRoot = "";
			targets = (
				69F1C63B2B321A5A005BD3F2 /* SideMenu */,
				69F1C6512B321A5B005BD3F2 /* SideMenuTests */,
				69F1C65B2B321A5B005BD3F2 /* SideMenuUITests */,
			);
		};
/* End PBXProject section */

/* Begin PBXResourcesBuildPhase section */
		69F1C63A2B321A5A005BD3F2 /* Resources */ = {
			isa = PBXResourcesBuildPhase;
			buildActionMask = 2147483647;
			files = (
				69F1C64C2B321A5B005BD3F2 /* LaunchScreen.storyboard in Resources */,
				69F1C6492B321A5B005BD3F2 /* Assets.xcassets in Resources */,
			);
			runOnlyForDeploymentPostprocessing = 0;
		};
		69F1C6502B321A5B005BD3F2 /* Resources */ = {
			isa = PBXResourcesBuildPhase;
			buildActionMask = 2147483647;
			files = (
			);
			runOnlyForDeploymentPostprocessing = 0;
		};
		69F1C65A2B321A5B005BD3F2 /* Resources */ = {
			isa = PBXResourcesBuildPhase;
			buildActionMask = 2147483647;
			files = (
			);
			runOnlyForDeploymentPostprocessing = 0;
		};
/* End PBXResourcesBuildPhase section */

/* Begin PBXSourcesBuildPhase section */
		69F1C6382B321A5A005BD3F2 /* Sources */ = {
			isa = PBXSourcesBuildPhase;
			buildActionMask = 2147483647;
			files = (
				69F1C6722B321B85005BD3F2 /* HomeViewController.swift in Sources */,
				69F1C6442B321A5A005BD3F2 /* ContainerViewController.swift in Sources */,
				69F1C6402B321A5A005BD3F2 /* AppDelegate.swift in Sources */,
				69F1C6422B321A5A005BD3F2 /* SceneDelegate.swift in Sources */,
				69F1C6702B321B7B005BD3F2 /* MenuViewController.swift in Sources */,
			);
			runOnlyForDeploymentPostprocessing = 0;
		};
		69F1C64E2B321A5B005BD3F2 /* Sources */ = {
			isa = PBXSourcesBuildPhase;
			buildActionMask = 2147483647;
			files = (
				69F1C6572B321A5B005BD3F2 /* SideMenuTests.swift in Sources */,
			);
			runOnlyForDeploymentPostprocessing = 0;
		};
		69F1C6582B321A5B005BD3F2 /* Sources */ = {
			isa = PBXSourcesBuildPhase;
			buildActionMask = 2147483647;
			files = (
				69F1C6632B321A5C005BD3F2 /* SideMenuUITestsLaunchTests.swift in Sources */,
				69F1C6612B321A5C005BD3F2 /* SideMenuUITests.swift in Sources */,
			);
			runOnlyForDeploymentPostprocessing = 0;
		};
/* End PBXSourcesBuildPhase section */

/* Begin PBXTargetDependency section */
		69F1C6542B321A5B005BD3F2 /* PBXTargetDependency */ = {
			isa = PBXTargetDependency;
			target = 69F1C63B2B321A5A005BD3F2 /* SideMenu */;
			targetProxy = 69F1C6532B321A5B005BD3F2 /* PBXContainerItemProxy */;
		};
		69F1C65E2B321A5C005BD3F2 /* PBXTargetDependency */ = {
			isa = PBXTargetDependency;
			target = 69F1C63B2B321A5A005BD3F2 /* SideMenu */;
			targetProxy = 69F1C65D2B321A5C005BD3F2 /* PBXContainerItemProxy */;
		};
/* End PBXTargetDependency section */

/* Begin PBXVariantGroup section */
		69F1C64A2B321A5B005BD3F2 /* LaunchScreen.storyboard */ = {
			isa = PBXVariantGroup;
			children = (
				69F1C64B2B321A5B005BD3F2 /* Base */,
			);
			name = LaunchScreen.storyboard;
			sourceTree = "<group>";
		};
/* End PBXVariantGroup section */

/* Begin XCBuildConfiguration section */
		69F1C6642B321A5C005BD3F2 /* Debug */ = {
			isa = XCBuildConfiguration;
			buildSettings = {
				ALWAYS_SEARCH_USER_PATHS = NO;
				ASSETCATALOG_COMPILER_GENERATE_SWIFT_ASSET_SYMBOL_EXTENSIONS = YES;
				CLANG_ANALYZER_NONNULL = YES;
				CLANG_ANALYZER_NUMBER_OBJECT_CONVERSION = YES_AGGRESSIVE;
				CLANG_CXX_LANGUAGE_STANDARD = "gnu++20";
				CLANG_ENABLE_MODULES = YES;
				CLANG_ENABLE_OBJC_ARC = YES;
				CLANG_ENABLE_OBJC_WEAK = YES;
				CLANG_WARN_BLOCK_CAPTURE_AUTORELEASING = YES;
				CLANG_WARN_BOOL_CONVERSION = YES;
				CLANG_WARN_COMMA = YES;
				CLANG_WARN_CONSTANT_CONVERSION = YES;
				CLANG_WARN_DEPRECATED_OBJC_IMPLEMENTATIONS = YES;
				CLANG_WARN_DIRECT_OBJC_ISA_USAGE = YES_ERROR;
				CLANG_WARN_DOCUMENTATION_COMMENTS = YES;
				CLANG_WARN_EMPTY_BODY = YES;
				CLANG_WARN_ENUM_CONVERSION = YES;
				CLANG_WARN_INFINITE_RECURSION = YES;
				CLANG_WARN_INT_CONVERSION = YES;
				CLANG_WARN_NON_LITERAL_NULL_CONVERSION = YES;
				CLANG_WARN_OBJC_IMPLICIT_RETAIN_SELF = YES;
				CLANG_WARN_OBJC_LITERAL_CONVERSION = YES;
				CLANG_WARN_OBJC_ROOT_CLASS = YES_ERROR;
				CLANG_WARN_QUOTED_INCLUDE_IN_FRAMEWORK_HEADER = YES;
				CLANG_WARN_RANGE_LOOP_ANALYSIS = YES;
				CLANG_WARN_STRICT_PROTOTYPES = YES;
				CLANG_WARN_SUSPICIOUS_MOVE = YES;
				CLANG_WARN_UNGUARDED_AVAILABILITY = YES_AGGRESSIVE;
				CLANG_WARN_UNREACHABLE_CODE = YES;
				CLANG_WARN__DUPLICATE_METHOD_MATCH = YES;
				COPY_PHASE_STRIP = NO;
				DEBUG_INFORMATION_FORMAT = dwarf;
				ENABLE_STRICT_OBJC_MSGSEND = YES;
				ENABLE_TESTABILITY = YES;
				ENABLE_USER_SCRIPT_SANDBOXING = YES;
				GCC_C_LANGUAGE_STANDARD = gnu17;
				GCC_DYNAMIC_NO_PIC = NO;
				GCC_NO_COMMON_BLOCKS = YES;
				GCC_OPTIMIZATION_LEVEL = 0;
				GCC_PREPROCESSOR_DEFINITIONS = (
					"DEBUG=1",
					"$(inherited)",
				);
				GCC_WARN_64_TO_32_BIT_CONVERSION = YES;
				GCC_WARN_ABOUT_RETURN_TYPE = YES_ERROR;
				GCC_WARN_UNDECLARED_SELECTOR = YES;
				GCC_WARN_UNINITIALIZED_AUTOS = YES_AGGRESSIVE;
				GCC_WARN_UNUSED_FUNCTION = YES;
				GCC_WARN_UNUSED_VARIABLE = YES;
				IPHONEOS_DEPLOYMENT_TARGET = 17.2;
				LOCALIZATION_PREFERS_STRING_CATALOGS = YES;
				MTL_ENABLE_DEBUG_INFO = INCLUDE_SOURCE;
				MTL_FAST_MATH = YES;
				ONLY_ACTIVE_ARCH = YES;
				SDKROOT = iphoneos;
				SWIFT_ACTIVE_COMPILATION_CONDITIONS = "DEBUG $(inherited)";
				SWIFT_OPTIMIZATION_LEVEL = "-Onone";
			};
			name = Debug;
		};
		69F1C6652B321A5C005BD3F2 /* Release */ = {
			isa = XCBuildConfiguration;
			buildSettings = {
				ALWAYS_SEARCH_USER_PATHS = NO;
				ASSETCATALOG_COMPILER_GENERATE_SWIFT_ASSET_SYMBOL_EXTENSIONS = YES;
				CLANG_ANALYZER_NONNULL = YES;
				CLANG_ANALYZER_NUMBER_OBJECT_CONVERSION = YES_AGGRESSIVE;
				CLANG_CXX_LANGUAGE_STANDARD = "gnu++20";
				CLANG_ENABLE_MODULES = YES;
				CLANG_ENABLE_OBJC_ARC = YES;
				CLANG_ENABLE_OBJC_WEAK = YES;
				CLANG_WARN_BLOCK_CAPTURE_AUTORELEASING = YES;
				CLANG_WARN_BOOL_CONVERSION = YES;
				CLANG_WARN_COMMA = YES;
				CLANG_WARN_CONSTANT_CONVERSION = YES;
				CLANG_WARN_DEPRECATED_OBJC_IMPLEMENTATIONS = YES;
				CLANG_WARN_DIRECT_OBJC_ISA_USAGE = YES_ERROR;
				CLANG_WARN_DOCUMENTATION_COMMENTS = YES;
				CLANG_WARN_EMPTY_BODY = YES;
				CLANG_WARN_ENUM_CONVERSION = YES;
				CLANG_WARN_INFINITE_RECURSION = YES;
				CLANG_WARN_INT_CONVERSION = YES;
				CLANG_WARN_NON_LITERAL_NULL_CONVERSION = YES;
				CLANG_WARN_OBJC_IMPLICIT_RETAIN_SELF = YES;
				CLANG_WARN_OBJC_LITERAL_CONVERSION = YES;
				CLANG_WARN_OBJC_ROOT_CLASS = YES_ERROR;
				CLANG_WARN_QUOTED_INCLUDE_IN_FRAMEWORK_HEADER = YES;
				CLANG_WARN_RANGE_LOOP_ANALYSIS = YES;
				CLANG_WARN_STRICT_PROTOTYPES = YES;
				CLANG_WARN_SUSPICIOUS_MOVE = YES;
				CLANG_WARN_UNGUARDED_AVAILABILITY = YES_AGGRESSIVE;
				CLANG_WARN_UNREACHABLE_CODE = YES;
				CLANG_WARN__DUPLICATE_METHOD_MATCH = YES;
				COPY_PHASE_STRIP = NO;
				DEBUG_INFORMATION_FORMAT = "dwarf-with-dsym";
				ENABLE_NS_ASSERTIONS = NO;
				ENABLE_STRICT_OBJC_MSGSEND = YES;
				ENABLE_USER_SCRIPT_SANDBOXING = YES;
				GCC_C_LANGUAGE_STANDARD = gnu17;
				GCC_NO_COMMON_BLOCKS = YES;
				GCC_WARN_64_TO_32_BIT_CONVERSION = YES;
				GCC_WARN_ABOUT_RETURN_TYPE = YES_ERROR;
				GCC_WARN_UNDECLARED_SELECTOR = YES;
				GCC_WARN_UNINITIALIZED_AUTOS = YES_AGGRESSIVE;
				GCC_WARN_UNUSED_FUNCTION = YES;
				GCC_WARN_UNUSED_VARIABLE = YES;
				IPHONEOS_DEPLOYMENT_TARGET = 17.2;
				LOCALIZATION_PREFERS_STRING_CATALOGS = YES;
				MTL_ENABLE_DEBUG_INFO = NO;
				MTL_FAST_MATH = YES;
				SDKROOT = iphoneos;
				SWIFT_COMPILATION_MODE = wholemodule;
				VALIDATE_PRODUCT = YES;
			};
			name = Release;
		};
		69F1C6672B321A5C005BD3F2 /* Debug */ = {
			isa = XCBuildConfiguration;
			buildSettings = {
				ASSETCATALOG_COMPILER_APPICON_NAME = AppIcon;
				ASSETCATALOG_COMPILER_GLOBAL_ACCENT_COLOR_NAME = AccentColor;
				CODE_SIGN_STYLE = Automatic;
				CURRENT_PROJECT_VERSION = 1;
				DEVELOPMENT_TEAM = F7WMR3QZR6;
				GENERATE_INFOPLIST_FILE = YES;
				INFOPLIST_FILE = SideMenu/Info.plist;
				INFOPLIST_KEY_UIApplicationSupportsIndirectInputEvents = YES;
				INFOPLIST_KEY_UILaunchStoryboardName = LaunchScreen;
				INFOPLIST_KEY_UISupportedInterfaceOrientations_iPad = "UIInterfaceOrientationPortrait UIInterfaceOrientationPortraitUpsideDown UIInterfaceOrientationLandscapeLeft UIInterfaceOrientationLandscapeRight";
				INFOPLIST_KEY_UISupportedInterfaceOrientations_iPhone = "UIInterfaceOrientationPortrait UIInterfaceOrientationLandscapeLeft UIInterfaceOrientationLandscapeRight";
				LD_RUNPATH_SEARCH_PATHS = (
					"$(inherited)",
					"@executable_path/Frameworks",
				);
				MARKETING_VERSION = 1.0;
				PRODUCT_BUNDLE_IDENTIFIER = SideMenu.gabrielsanzone.app.SideMenu;
				PRODUCT_NAME = "$(TARGET_NAME)";
				SWIFT_EMIT_LOC_STRINGS = YES;
				SWIFT_VERSION = 5.0;
				TARGETED_DEVICE_FAMILY = "1,2";
			};
			name = Debug;
		};
		69F1C6682B321A5C005BD3F2 /* Release */ = {
			isa = XCBuildConfiguration;
			buildSettings = {
				ASSETCATALOG_COMPILER_APPICON_NAME = AppIcon;
				ASSETCATALOG_COMPILER_GLOBAL_ACCENT_COLOR_NAME = AccentColor;
				CODE_SIGN_STYLE = Automatic;
				CURRENT_PROJECT_VERSION = 1;
				DEVELOPMENT_TEAM = F7WMR3QZR6;
				GENERATE_INFOPLIST_FILE = YES;
				INFOPLIST_FILE = SideMenu/Info.plist;
				INFOPLIST_KEY_UIApplicationSupportsIndirectInputEvents = YES;
				INFOPLIST_KEY_UILaunchStoryboardName = LaunchScreen;
				INFOPLIST_KEY_UISupportedInterfaceOrientations_iPad = "UIInterfaceOrientationPortrait UIInterfaceOrientationPortraitUpsideDown UIInterfaceOrientationLandscapeLeft UIInterfaceOrientationLandscapeRight";
				INFOPLIST_KEY_UISupportedInterfaceOrientations_iPhone = "UIInterfaceOrientationPortrait UIInterfaceOrientationLandscapeLeft UIInterfaceOrientationLandscapeRight";
				LD_RUNPATH_SEARCH_PATHS = (
					"$(inherited)",
					"@executable_path/Frameworks",
				);
				MARKETING_VERSION = 1.0;
				PRODUCT_BUNDLE_IDENTIFIER = SideMenu.gabrielsanzone.app.SideMenu;
				PRODUCT_NAME = "$(TARGET_NAME)";
				SWIFT_EMIT_LOC_STRINGS = YES;
				SWIFT_VERSION = 5.0;
				TARGETED_DEVICE_FAMILY = "1,2";
			};
			name = Release;
		};
		69F1C66A2B321A5C005BD3F2 /* Debug */ = {
			isa = XCBuildConfiguration;
			buildSettings = {
				ALWAYS_EMBED_SWIFT_STANDARD_LIBRARIES = YES;
				BUNDLE_LOADER = "$(TEST_HOST)";
				CODE_SIGN_STYLE = Automatic;
				CURRENT_PROJECT_VERSION = 1;
				DEVELOPMENT_TEAM = F7WMR3QZR6;
				GENERATE_INFOPLIST_FILE = YES;
				IPHONEOS_DEPLOYMENT_TARGET = 17.2;
				MARKETING_VERSION = 1.0;
				PRODUCT_BUNDLE_IDENTIFIER = SideMenu.gabrielsanzone.app.SideMenuTests;
				PRODUCT_NAME = "$(TARGET_NAME)";
				SWIFT_EMIT_LOC_STRINGS = NO;
				SWIFT_VERSION = 5.0;
				TARGETED_DEVICE_FAMILY = "1,2";
				TEST_HOST = "$(BUILT_PRODUCTS_DIR)/SideMenu.app/$(BUNDLE_EXECUTABLE_FOLDER_PATH)/SideMenu";
			};
			name = Debug;
		};
		69F1C66B2B321A5C005BD3F2 /* Release */ = {
			isa = XCBuildConfiguration;
			buildSettings = {
				ALWAYS_EMBED_SWIFT_STANDARD_LIBRARIES = YES;
				BUNDLE_LOADER = "$(TEST_HOST)";
				CODE_SIGN_STYLE = Automatic;
				CURRENT_PROJECT_VERSION = 1;
				DEVELOPMENT_TEAM = F7WMR3QZR6;
				GENERATE_INFOPLIST_FILE = YES;
				IPHONEOS_DEPLOYMENT_TARGET = 17.2;
				MARKETING_VERSION = 1.0;
				PRODUCT_BUNDLE_IDENTIFIER = SideMenu.gabrielsanzone.app.SideMenuTests;
				PRODUCT_NAME = "$(TARGET_NAME)";
				SWIFT_EMIT_LOC_STRINGS = NO;
				SWIFT_VERSION = 5.0;
				TARGETED_DEVICE_FAMILY = "1,2";
				TEST_HOST = "$(BUILT_PRODUCTS_DIR)/SideMenu.app/$(BUNDLE_EXECUTABLE_FOLDER_PATH)/SideMenu";
			};
			name = Release;
		};
		69F1C66D2B321A5C005BD3F2 /* Debug */ = {
			isa = XCBuildConfiguration;
			buildSettings = {
				ALWAYS_EMBED_SWIFT_STANDARD_LIBRARIES = YES;
				CODE_SIGN_STYLE = Automatic;
				CURRENT_PROJECT_VERSION = 1;
				DEVELOPMENT_TEAM = F7WMR3QZR6;
				GENERATE_INFOPLIST_FILE = YES;
				MARKETING_VERSION = 1.0;
				PRODUCT_BUNDLE_IDENTIFIER = SideMenu.gabrielsanzone.app.SideMenuUITests;
				PRODUCT_NAME = "$(TARGET_NAME)";
				SWIFT_EMIT_LOC_STRINGS = NO;
				SWIFT_VERSION = 5.0;
				TARGETED_DEVICE_FAMILY = "1,2";
				TEST_TARGET_NAME = SideMenu;
			};
			name = Debug;
		};
		69F1C66E2B321A5C005BD3F2 /* Release */ = {
			isa = XCBuildConfiguration;
			buildSettings = {
				ALWAYS_EMBED_SWIFT_STANDARD_LIBRARIES = YES;
				CODE_SIGN_STYLE = Automatic;
				CURRENT_PROJECT_VERSION = 1;
				DEVELOPMENT_TEAM = F7WMR3QZR6;
				GENERATE_INFOPLIST_FILE = YES;
				MARKETING_VERSION = 1.0;
				PRODUCT_BUNDLE_IDENTIFIER = SideMenu.gabrielsanzone.app.SideMenuUITests;
				PRODUCT_NAME = "$(TARGET_NAME)";
				SWIFT_EMIT_LOC_STRINGS = NO;
				SWIFT_VERSION = 5.0;
				TARGETED_DEVICE_FAMILY = "1,2";
				TEST_TARGET_NAME = SideMenu;
			};
			name = Release;
		};
/* End XCBuildConfiguration section */

/* Begin XCConfigurationList section */
		69F1C6372B321A59005BD3F2 /* Build configuration list for PBXProject "SideMenu" */ = {
			isa = XCConfigurationList;
			buildConfigurations = (
				69F1C6642B321A5C005BD3F2 /* Debug */,
				69F1C6652B321A5C005BD3F2 /* Release */,
			);
			defaultConfigurationIsVisible = 0;
			defaultConfigurationName = Release;
		};
		69F1C6662B321A5C005BD3F2 /* Build configuration list for PBXNativeTarget "SideMenu" */ = {
			isa = XCConfigurationList;
			buildConfigurations = (
				69F1C6672B321A5C005BD3F2 /* Debug */,
				69F1C6682B321A5C005BD3F2 /* Release */,
			);
			defaultConfigurationIsVisible = 0;
			defaultConfigurationName = Release;
		};
		69F1C6692B321A5C005BD3F2 /* Build configuration list for PBXNativeTarget "SideMenuTests" */ = {
			isa = XCConfigurationList;
			buildConfigurations = (
				69F1C66A2B321A5C005BD3F2 /* Debug */,
				69F1C66B2B321A5C005BD3F2 /* Release */,
			);
			defaultConfigurationIsVisible = 0;
			defaultConfigurationName = Release;
		};
		69F1C66C2B321A5C005BD3F2 /* Build configuration list for PBXNativeTarget "SideMenuUITests" */ = {
			isa = XCConfigurationList;
			buildConfigurations = (
				69F1C66D2B321A5C005BD3F2 /* Debug */,
				69F1C66E2B321A5C005BD3F2 /* Release */,
			);
			defaultConfigurationIsVisible = 0;
			defaultConfigurationName = Release;
		};
/* End XCConfigurationList section */
	};
	rootObject = 69F1C6342B321A59005BD3F2 /* Project object */;
}
